
Microsoft Visual Studio Solution File, Format Version 12.00
# Visual Studio Version 17
VisualStudioVersion = 17.13.35828.75 d17.13
MinimumVisualStudioVersion = 10.0.40219.1
Project("{FAE04EC0-301F-11D3-BF4B-00C04F79EFBC}") = "Resume", "Resume\Resume.csproj", "{65F4A9D5-6A19-44DE-95FE-C3E1F9EFFE52}"
EndProject
Global
	GlobalSection(SolutionConfigurationPlatforms) = preSolution
		Debug|Any CPU = Debug|Any CPU
		Release|Any CPU = Release|Any CPU
	EndGlobalSection
	GlobalSection(ProjectConfigurationPlatforms) = postSolution
		{65F4A9D5-6A19-44DE-95FE-C3E1F9EFFE52}.Debug|Any CPU.ActiveCfg = Debug|Any CPU
		{65F4A9D5-6A19-44DE-95FE-C3E1F9EFFE52}.Debug|Any CPU.Build.0 = Debug|Any CPU
		{65F4A9D5-6A19-44DE-95FE-C3E1F9EFFE52}.Release|Any CPU.ActiveCfg = Release|Any CPU
		{65F4A9D5-6A19-44DE-95FE-C3E1F9EFFE52}.Release|Any CPU.Build.0 = Release|Any CPU
	EndGlobalSection
	GlobalSection(SolutionProperties) = preSolution
		HideSolutionNode = FALSE
	EndGlobalSection
	GlobalSection(ExtensibilityGlobals) = postSolution
		SolutionGuid = {B6A23AAE-FEE9-453C-AECA-60A171B7A2D4}
	EndGlobalSection
EndGlobal
